
Microsoft Visual Studio Solution File, Format Version 12.00
# Visual Studio Express 2012 for Windows Desktop
Project("{FAE04EC0-301F-11D3-BF4B-00C04F79EFBC}") = "TemperatureConverterCSharp", "TemperatureConverterCSharp\TemperatureConverterCSharp.csproj", "{2F5EB126-DCE9-4C2F-914C-07EBCC2C4963}"
EndProject
Global
	GlobalSection(SolutionConfigurationPlatforms) = preSolution
		Debug|Any CPU = Debug|Any CPU
		Release|Any CPU = Release|Any CPU
	EndGlobalSection
	GlobalSection(ProjectConfigurationPlatforms) = postSolution
		{2F5EB126-DCE9-4C2F-914C-07EBCC2C4963}.Debug|Any CPU.ActiveCfg = Debug|Any CPU
		{2F5EB126-DCE9-4C2F-914C-07EBCC2C4963}.Debug|Any CPU.Build.0 = Debug|Any CPU
		{2F5EB126-DCE9-4C2F-914C-07EBCC2C4963}.Release|Any CPU.ActiveCfg = Release|Any CPU
		{2F5EB126-DCE9-4C2F-914C-07EBCC2C4963}.Release|Any CPU.Build.0 = Release|Any CPU
	EndGlobalSection
	GlobalSection(SolutionProperties) = preSolution
		HideSolutionNode = FALSE
	EndGlobalSection
EndGlobal
